
Microsoft Visual Studio Solution File, Format Version 12.00
# Visual Studio Version 17
VisualStudioVersion = 17.9.34622.214
MinimumVisualStudioVersion = 10.0.40219.1
Project("{9A19103F-16F7-4668-BE54-9A1E7A4F7556}") = "WinFormsApp1", "WinFormsApp1\WinFormsApp1.csproj", "{E53074DB-69D6-48BC-AB9C-E9CE5FD47EEF}"
EndProject
Global
	GlobalSection(SolutionConfigurationPlatforms) = preSolution
		Debug|Any CPU = Debug|Any CPU
		Release|Any CPU = Release|Any CPU
	EndGlobalSection
	GlobalSection(ProjectConfigurationPlatforms) = postSolution
		{E53074DB-69D6-48BC-AB9C-E9CE5FD47EEF}.Debug|Any CPU.ActiveCfg = Debug|Any CPU
		{E53074DB-69D6-48BC-AB9C-E9CE5FD47EEF}.Debug|Any CPU.Build.0 = Debug|Any CPU
		{E53074DB-69D6-48BC-AB9C-E9CE5FD47EEF}.Release|Any CPU.ActiveCfg = Release|Any CPU
		{E53074DB-69D6-48BC-AB9C-E9CE5FD47EEF}.Release|Any CPU.Build.0 = Release|Any CPU
	EndGlobalSection
	GlobalSection(SolutionProperties) = preSolution
		HideSolutionNode = FALSE
	EndGlobalSection
	GlobalSection(ExtensibilityGlobals) = postSolution
		SolutionGuid = {852BE3B5-18DF-415A-9944-A523BF2804D2}
	EndGlobalSection
EndGlobal
